# THIS IS AN AUTOGENERATED FILE. DO NOT EDIT THIS FILE DIRECTLY.
# yarn lockfile v1


"@esbuild/android-arm64@0.16.1":
  version "0.16.1"
  resolved "https://registry.yarnpkg.com/@esbuild/android-arm64/-/android-arm64-0.16.1.tgz#3843eb0ae218a7139d5c6eccfea8d65cef4c54f3"
  integrity sha512-BHOqlxpx2UNDHvn6Ldu2QftJXYtXmsagaECew1RiY27hd/wqCx+pz5ByQpNRPyqv5S9uODqtk69LkXpmPqSqJA==

"@esbuild/android-arm@0.16.1":
  version "0.16.1"
  resolved "https://registry.yarnpkg.com/@esbuild/android-arm/-/android-arm-0.16.1.tgz#5cc3f277b0c853da9d6241f8024da6a7bf6964b9"
  integrity sha512-zkalq3i2M+l812fhSswRM9FSryXEmoz30bfDlPYOl1ij0hBZd+lU3rRUzHSenU8LpsN/SAgX1d/mwq2dvGO3Qw==

"@esbuild/android-x64@0.16.1":
  version "0.16.1"
  resolved "https://registry.yarnpkg.com/@esbuild/android-x64/-/android-x64-0.16.1.tgz#8d8cddad9accf599518207b03ee4a17d23caf250"
  integrity sha512-/xaEo77WGtykr4+VUHZF78xc/pfmtrfpYb6tJjA5sPCsqynXKdM7Z1E7LoqP7NJZbf5KW8Klm64f9CTIm97R9w==

"@esbuild/darwin-arm64@0.16.1":
  version "0.16.1"
  resolved "https://registry.yarnpkg.com/@esbuild/darwin-arm64/-/darwin-arm64-0.16.1.tgz#03e64371d018a90c2d25ffb5f743e78d7ee29098"
  integrity sha512-vYWHFDhxF4hmOVs1NkanPtbBb2ZcVAkMJan5iImpaL/FA2SfYIFX8IN/W20e7/2DpDxd7XkrP1i5bQUAsyXjsQ==

"@esbuild/darwin-x64@0.16.1":
  version "0.16.1"
  resolved "https://registry.yarnpkg.com/@esbuild/darwin-x64/-/darwin-x64-0.16.1.tgz#9036cf2c6d796cf6040693c77e7343d2cc37fbed"
  integrity sha512-UFJ8swS3ZiQgT51ll9P3K+WOiYSc3Dw68kbZqXlmF5zwB7p/nx31jilW6ie+UlKIFRw4X0Z1SejwVC6ZpH7PSQ==

"@esbuild/freebsd-arm64@0.16.1":
  version "0.16.1"
  resolved "https://registry.yarnpkg.com/@esbuild/freebsd-arm64/-/freebsd-arm64-0.16.1.tgz#bc3e33c46af0eea93ee0c4bbb37dd41bf9548711"
  integrity sha512-/6kJ0VROu7JYiWMV9EscVHH66HCCDd0Uo3mGjrP6vtscF19f9Prkf3xZJH3AO9OxUOZpfjtZatf9b0OyKVMl6A==

"@esbuild/freebsd-x64@0.16.1":
  version "0.16.1"
  resolved "https://registry.yarnpkg.com/@esbuild/freebsd-x64/-/freebsd-x64-0.16.1.tgz#48fba6c63463409452ebc8544139e091b7797afb"
  integrity sha512-BKYAYhsgD/6/mOeOwMSEcTyL9GlFBNr2LkgWEaugUp/oXCC+ScCH/EqphD3Jp5MsMNIk71b0YqDDveDHXuwcLw==

"@esbuild/linux-arm64@0.16.1":
  version "0.16.1"
  resolved "https://registry.yarnpkg.com/@esbuild/linux-arm64/-/linux-arm64-0.16.1.tgz#b2275692feeb7b6f42d8eb25ddf1c96a0378b586"
  integrity sha512-3mRaXF3nVjgPcrJOLr3IdidMLolHi3nMO7UQPYX+asKqn3UVnNqD30vlZvg8r1amJ7o5TOHvPXqgHK33ivyMPg==

"@esbuild/linux-arm@0.16.1":
  version "0.16.1"
  resolved "https://registry.yarnpkg.com/@esbuild/linux-arm/-/linux-arm-0.16.1.tgz#a54ac0c0f69b504134fbe7f173a66432f54331aa"
  integrity sha512-ZKBI/JEIjcG9YbERCDR1qPBVjr47+BKGp32Iz2cf00001yhF8mGPhVJse69jR3Wb1RU78BijVKhHPvZewsvAKA==

"@esbuild/linux-ia32@0.16.1":
  version "0.16.1"
  resolved "https://registry.yarnpkg.com/@esbuild/linux-ia32/-/linux-ia32-0.16.1.tgz#e34635e929c17ff4f3cadcec656813574a654ef9"
  integrity sha512-rTiIs5ms38XUb5Bn7hbbkR45CS3rz/hC/IfRE8Uccgzo4qRkf3Zd0Re6IUoCP+DvcTzLPz1VLfDO8VyD7UUI0w==

"@esbuild/linux-loong64@0.16.1":
  version "0.16.1"
  resolved "https://registry.yarnpkg.com/@esbuild/linux-loong64/-/linux-loong64-0.16.1.tgz#b9382c5e3e0640e093a18f42680e87ac0f79094b"
  integrity sha512-TgUV9ZpMzo9O48AkwJfgx9HJIMnA9kCopAYmjp2y9TPT6Z7Crxrlp2XVkaZ2mxhvrrzVsHlhwfolcj1scXHfKw==

"@esbuild/linux-mips64el@0.16.1":
  version "0.16.1"
  resolved "https://registry.yarnpkg.com/@esbuild/linux-mips64el/-/linux-mips64el-0.16.1.tgz#9b5ecec04f308d7e9951cd11bad607ced1b25ab5"
  integrity sha512-TH6aEzbImbo1iUrdhtRdhgynuuiODx+Ju2DaIq+eUIOLj6Hg47NlcM5hQ3bHVKxflPiGIrGi1DTacrEoQOiOTg==

"@esbuild/linux-ppc64@0.16.1":
  version "0.16.1"
  resolved "https://registry.yarnpkg.com/@esbuild/linux-ppc64/-/linux-ppc64-0.16.1.tgz#8af2ab35166ff56bcabb2094e956d12b261db321"
  integrity sha512-//BU2o/gfw6clxJCrU8xa0gxElP18HiAzS/pN1HKzL2ayqz8WinOYEzPOZrqJvkC4u2Qoh5NEiVd98wTr2C9eg==

"@esbuild/linux-riscv64@0.16.1":
  version "0.16.1"
  resolved "https://registry.yarnpkg.com/@esbuild/linux-riscv64/-/linux-riscv64-0.16.1.tgz#a037d507ad99128c75c835db42aa5bf5ed1a5a3e"
  integrity sha512-pBrrjLBwmlsMR7iNi+W/q5JtfyzlZ97WUxBztZvsGnWBpnmjjgbdPBlwxYbgQAzqzMAsP45j6CJUpGra3SSFiQ==

"@esbuild/linux-s390x@0.16.1":
  version "0.16.1"
  resolved "https://registry.yarnpkg.com/@esbuild/linux-s390x/-/linux-s390x-0.16.1.tgz#9700a2595de1363c60723810a88c83f6aec24006"
  integrity sha512-e4txkDfouCcByJacawPh9M6qmF9TyzJ+Y6Sj4L+Iu7pRBaAldSqI/pQym26XBcawVlmyYhLA51JXVlQdyj3Rlg==

"@esbuild/linux-x64@0.16.1":
  version "0.16.1"
  resolved "https://registry.yarnpkg.com/@esbuild/linux-x64/-/linux-x64-0.16.1.tgz#113cb7634aeed6da9c8edef43df0f0266edaf5d4"
  integrity sha512-2kSF6dFTN5HbSgA+htdS69npthoR/FDr8PXc9O6h6RqRN+l7y3u8MlFMu9RSsOOD11FigiBJnzUYcl3QRT9eSA==

"@esbuild/netbsd-x64@0.16.1":
  version "0.16.1"
  resolved "https://registry.yarnpkg.com/@esbuild/netbsd-x64/-/netbsd-x64-0.16.1.tgz#77ae84d4674d6c315a4b652ccbb27ce8e9484dcd"
  integrity sha512-OkDgqg+drkSEvNOAEPUQrv3g7OlE0hMsLe7on5+GePZvjgQepQ7fQ8T6RGj2nEMGa5Am2Q3jWEVx5lq6bsFpRw==

"@esbuild/openbsd-x64@0.16.1":
  version "0.16.1"
  resolved "https://registry.yarnpkg.com/@esbuild/openbsd-x64/-/openbsd-x64-0.16.1.tgz#5401d9199efb469ad6f37fdfcaefd16cb2176fd3"
  integrity sha512-YqC0KN4nJoDSIaBVkUYa1FvreYFKu6wOoWGl+lYmcRzw6pj5f96+WSE7+vRiucKpDd52P1CYlnO9yGzSo9eXSw==

"@esbuild/sunos-x64@0.16.1":
  version "0.16.1"
  resolved "https://registry.yarnpkg.com/@esbuild/sunos-x64/-/sunos-x64-0.16.1.tgz#c8d84eb61f66d3811051b9b5c4b63e9ee126217c"
  integrity sha512-KgfRBLjr6W9iyLLAOU58lSJ7/6W7H+KoDV27CGpEv0R5xR2LYMAE2SQ2sE0r2CP1rDa/huu/Uj1RvcVZ5nptqg==

"@esbuild/win32-arm64@0.16.1":
  version "0.16.1"
  resolved "https://registry.yarnpkg.com/@esbuild/win32-arm64/-/win32-arm64-0.16.1.tgz#4b63fdc90349053deaea6c3159837b85f7d73417"
  integrity sha512-UuKMH583a6epN+L6VxbXwYQ/RISJsz8NN05QlV2l0LY8aV79Wty23BkBz0WF5kOK22eXNavgb2sgcZer6Qg+KA==

"@esbuild/win32-ia32@0.16.1":
  version "0.16.1"
  resolved "https://registry.yarnpkg.com/@esbuild/win32-ia32/-/win32-ia32-0.16.1.tgz#1c6c88fb57c426d03bc1fd96461eb0f2e596fc4f"
  integrity sha512-tnno7oPwPfZAyxRguqTi6ehf/s/x8xq1QtB8TLAfSP3DfIaO1U3gHAf5I/AMVlZPMzwtDUvURRfJK/a72cHyZg==

"@esbuild/win32-x64@0.16.1":
  version "0.16.1"
  resolved "https://registry.yarnpkg.com/@esbuild/win32-x64/-/win32-x64-0.16.1.tgz#ca4024c5fa8bbf32cf586fd1e201d26720becc71"
  integrity sha512-vxkjnTk2nCxx3eIolisfjvIN0eZj8vp27iF/fh3vQ7GXkEdK/VzbolT8Nl5YsEddrXc5RRJbHulHM0pGuY+VgQ==

esbuild@^0.16.1:
  version "0.16.1"
  resolved "https://registry.yarnpkg.com/esbuild/-/esbuild-0.16.1.tgz#c3b20a11f612f188a78efed63598b560caf1b365"
  integrity sha512-XbnT9SXFcijZ9GYsay7z69rzSWKlW+Ze7+ULEecEkVAkDyzfA6DLbqGp//6F4hUh3FOydco8xQEejE6LxI1kyQ==
  optionalDependencies:
    "@esbuild/android-arm" "0.16.1"
    "@esbuild/android-arm64" "0.16.1"
    "@esbuild/android-x64" "0.16.1"
    "@esbuild/darwin-arm64" "0.16.1"
    "@esbuild/darwin-x64" "0.16.1"
    "@esbuild/freebsd-arm64" "0.16.1"
    "@esbuild/freebsd-x64" "0.16.1"
    "@esbuild/linux-arm" "0.16.1"
    "@esbuild/linux-arm64" "0.16.1"
    "@esbuild/linux-ia32" "0.16.1"
    "@esbuild/linux-loong64" "0.16.1"
    "@esbuild/linux-mips64el" "0.16.1"
    "@esbuild/linux-ppc64" "0.16.1"
    "@esbuild/linux-riscv64" "0.16.1"
    "@esbuild/linux-s390x" "0.16.1"
    "@esbuild/linux-x64" "0.16.1"
    "@esbuild/netbsd-x64" "0.16.1"
    "@esbuild/openbsd-x64" "0.16.1"
    "@esbuild/sunos-x64" "0.16.1"
    "@esbuild/win32-arm64" "0.16.1"
    "@esbuild/win32-ia32" "0.16.1"
    "@esbuild/win32-x64" "0.16.1"

prettier@^2.7.1:
  version "2.7.1"
  resolved "https://registry.yarnpkg.com/prettier/-/prettier-2.7.1.tgz#e235806850d057f97bb08368a4f7d899f7760c64"
  integrity sha512-ujppO+MkdPqoVINuDFDRLClm7D78qbDt0/NR+wp5FqEZOoTNAjPHWj17QRhu7geIHJfcNhRk1XVQmF8Bp3ye+g==
